{
  "name": "satellite-gateway",
  "lockfileVersion": 3,
  "requires": true,
  "packages": {
    "": {
      "dependencies": {
        "js-cookie": "^3.0.5"
      },
      "devDependencies": {
        "@types/js-cookie": "^3.0.4"
      }
    },
    "node_modules/@types/js-cookie": {
      "version": "3.0.4",
      "resolved": "https://registry.npmjs.org/@types/js-cookie/-/js-cookie-3.0.4.tgz",
      "integrity": "sha512-vMMnFF+H5KYqdd/myCzq6wLDlPpteJK+jGFgBus3Da7lw+YsDmx2C8feGTzY2M3Fo823yON+HC2CL240j4OV+w==",
      "dev": true
    },
    "node_modules/js-cookie": {
      "version": "3.0.5",
      "resolved": "https://registry.npmjs.org/js-cookie/-/js-cookie-3.0.5.tgz",
      "integrity": "sha512-cEiJEAEoIbWfCZYKWhVwFuvPX1gETRYPw6LlaTKoxD3s2AkXzkCjnp6h0V77ozyqj0jakteJ4YqDJT830+lVGw==",
      "engines": {
        "node": ">=14"
      }
    }
  }
}
